
Microsoft Visual Studio Solution File, Format Version 12.00
# Visual Studio Version 16
VisualStudioVersion = 16.0.31005.135
MinimumVisualStudioVersion = 10.0.40219.1
Project("{9A19103F-16F7-4668-BE54-9A1E7A4F7556}") = "DattingApp", "Garden\DattingApp.csproj", "{0B390665-156E-49C0-A936-8DE0D25FF9F5}"
EndProject
Global
	GlobalSection(SolutionConfigurationPlatforms) = preSolution
		Debug|Any CPU = Debug|Any CPU
		Release|Any CPU = Release|Any CPU
	EndGlobalSection
	GlobalSection(ProjectConfigurationPlatforms) = postSolution
		{0B390665-156E-49C0-A936-8DE0D25FF9F5}.Debug|Any CPU.ActiveCfg = Debug|Any CPU
		{0B390665-156E-49C0-A936-8DE0D25FF9F5}.Debug|Any CPU.Build.0 = Debug|Any CPU
		{0B390665-156E-49C0-A936-8DE0D25FF9F5}.Release|Any CPU.ActiveCfg = Release|Any CPU
		{0B390665-156E-49C0-A936-8DE0D25FF9F5}.Release|Any CPU.Build.0 = Release|Any CPU
	EndGlobalSection
	GlobalSection(SolutionProperties) = preSolution
		HideSolutionNode = FALSE
	EndGlobalSection
	GlobalSection(ExtensibilityGlobals) = postSolution
		SolutionGuid = {285733DD-CA3E-4354-A7EE-6DD43B3EB2D9}
	EndGlobalSection
EndGlobal
