
Microsoft Visual Studio Solution File, Format Version 12.00
# Visual Studio Version 16
VisualStudioVersion = 16.0.29920.165
MinimumVisualStudioVersion = 10.0.40219.1
Project("{9A19103F-16F7-4668-BE54-9A1E7A4F7556}") = "01. Flower Wreaths", "01. Flower Wreaths\01. Flower Wreaths.csproj", "{00D40CE1-385B-4B23-9C69-2770A9F1E82D}"
EndProject
Project("{9A19103F-16F7-4668-BE54-9A1E7A4F7556}") = "02. Bee", "02. Bee\02. Bee.csproj", "{D0AB164A-B401-41C3-999F-651799F2C5F3}"
EndProject
Project("{FAE04EC0-301F-11D3-BF4B-00C04F79EFBC}") = "VetClinic", "VetClinic\VetClinic.csproj", "{3ECD3CCA-E6C4-4343-83C0-2202FA3D327F}"
EndProject
Global
	GlobalSection(SolutionConfigurationPlatforms) = preSolution
		Debug|Any CPU = Debug|Any CPU
		Release|Any CPU = Release|Any CPU
	EndGlobalSection
	GlobalSection(ProjectConfigurationPlatforms) = postSolution
		{00D40CE1-385B-4B23-9C69-2770A9F1E82D}.Debug|Any CPU.ActiveCfg = Debug|Any CPU
		{00D40CE1-385B-4B23-9C69-2770A9F1E82D}.Debug|Any CPU.Build.0 = Debug|Any CPU
		{00D40CE1-385B-4B23-9C69-2770A9F1E82D}.Release|Any CPU.ActiveCfg = Release|Any CPU
		{00D40CE1-385B-4B23-9C69-2770A9F1E82D}.Release|Any CPU.Build.0 = Release|Any CPU
		{D0AB164A-B401-41C3-999F-651799F2C5F3}.Debug|Any CPU.ActiveCfg = Debug|Any CPU
		{D0AB164A-B401-41C3-999F-651799F2C5F3}.Debug|Any CPU.Build.0 = Debug|Any CPU
		{D0AB164A-B401-41C3-999F-651799F2C5F3}.Release|Any CPU.ActiveCfg = Release|Any CPU
		{D0AB164A-B401-41C3-999F-651799F2C5F3}.Release|Any CPU.Build.0 = Release|Any CPU
		{3ECD3CCA-E6C4-4343-83C0-2202FA3D327F}.Debug|Any CPU.ActiveCfg = Debug|Any CPU
		{3ECD3CCA-E6C4-4343-83C0-2202FA3D327F}.Debug|Any CPU.Build.0 = Debug|Any CPU
		{3ECD3CCA-E6C4-4343-83C0-2202FA3D327F}.Release|Any CPU.ActiveCfg = Release|Any CPU
		{3ECD3CCA-E6C4-4343-83C0-2202FA3D327F}.Release|Any CPU.Build.0 = Release|Any CPU
	EndGlobalSection
	GlobalSection(SolutionProperties) = preSolution
		HideSolutionNode = FALSE
	EndGlobalSection
	GlobalSection(ExtensibilityGlobals) = postSolution
		SolutionGuid = {89373FAD-D930-4257-A0AD-DCB68A9A6045}
	EndGlobalSection
EndGlobal
