
Microsoft Visual Studio Solution File, Format Version 12.00
# Visual Studio Version 16
VisualStudioVersion = 16.0.29920.165
MinimumVisualStudioVersion = 10.0.40219.1
Project("{FAE04EC0-301F-11D3-BF4B-00C04F79EFBC}") = "01. Sort Even Numbers", "01. Sort Even Numbers\01. Sort Even Numbers.csproj", "{E4D11F4F-1C6F-41F1-B60A-46AECE4050A2}"
EndProject
Project("{FAE04EC0-301F-11D3-BF4B-00C04F79EFBC}") = "02. Sum Numbers", "02. Sum Numbers\02. Sum Numbers.csproj", "{BE325588-738A-4DC1-936F-DB0467F89974}"
EndProject
Project("{FAE04EC0-301F-11D3-BF4B-00C04F79EFBC}") = "03. Count Uppercase Words", "03. Count Uppercase Words\03. Count Uppercase Words.csproj", "{9EF297E0-480E-41F5-BE2D-E8FB5B26108C}"
EndProject
Project("{FAE04EC0-301F-11D3-BF4B-00C04F79EFBC}") = "04. Add VAT", "04. Add VAT\04. Add VAT.csproj", "{E4CF28A5-D118-4347-A4E6-9BD740D0EF9B}"
EndProject
Project("{FAE04EC0-301F-11D3-BF4B-00C04F79EFBC}") = "05. Filter By Age", "05. Filter By Age\05. Filter By Age.csproj", "{22074D13-D5D6-4455-999C-8EBF2742F36E}"
EndProject
Global
	GlobalSection(SolutionConfigurationPlatforms) = preSolution
		Debug|Any CPU = Debug|Any CPU
		Release|Any CPU = Release|Any CPU
	EndGlobalSection
	GlobalSection(ProjectConfigurationPlatforms) = postSolution
		{E4D11F4F-1C6F-41F1-B60A-46AECE4050A2}.Debug|Any CPU.ActiveCfg = Debug|Any CPU
		{E4D11F4F-1C6F-41F1-B60A-46AECE4050A2}.Debug|Any CPU.Build.0 = Debug|Any CPU
		{E4D11F4F-1C6F-41F1-B60A-46AECE4050A2}.Release|Any CPU.ActiveCfg = Release|Any CPU
		{E4D11F4F-1C6F-41F1-B60A-46AECE4050A2}.Release|Any CPU.Build.0 = Release|Any CPU
		{BE325588-738A-4DC1-936F-DB0467F89974}.Debug|Any CPU.ActiveCfg = Debug|Any CPU
		{BE325588-738A-4DC1-936F-DB0467F89974}.Debug|Any CPU.Build.0 = Debug|Any CPU
		{BE325588-738A-4DC1-936F-DB0467F89974}.Release|Any CPU.ActiveCfg = Release|Any CPU
		{BE325588-738A-4DC1-936F-DB0467F89974}.Release|Any CPU.Build.0 = Release|Any CPU
		{9EF297E0-480E-41F5-BE2D-E8FB5B26108C}.Debug|Any CPU.ActiveCfg = Debug|Any CPU
		{9EF297E0-480E-41F5-BE2D-E8FB5B26108C}.Debug|Any CPU.Build.0 = Debug|Any CPU
		{9EF297E0-480E-41F5-BE2D-E8FB5B26108C}.Release|Any CPU.ActiveCfg = Release|Any CPU
		{9EF297E0-480E-41F5-BE2D-E8FB5B26108C}.Release|Any CPU.Build.0 = Release|Any CPU
		{E4CF28A5-D118-4347-A4E6-9BD740D0EF9B}.Debug|Any CPU.ActiveCfg = Debug|Any CPU
		{E4CF28A5-D118-4347-A4E6-9BD740D0EF9B}.Debug|Any CPU.Build.0 = Debug|Any CPU
		{E4CF28A5-D118-4347-A4E6-9BD740D0EF9B}.Release|Any CPU.ActiveCfg = Release|Any CPU
		{E4CF28A5-D118-4347-A4E6-9BD740D0EF9B}.Release|Any CPU.Build.0 = Release|Any CPU
		{22074D13-D5D6-4455-999C-8EBF2742F36E}.Debug|Any CPU.ActiveCfg = Debug|Any CPU
		{22074D13-D5D6-4455-999C-8EBF2742F36E}.Debug|Any CPU.Build.0 = Debug|Any CPU
		{22074D13-D5D6-4455-999C-8EBF2742F36E}.Release|Any CPU.ActiveCfg = Release|Any CPU
		{22074D13-D5D6-4455-999C-8EBF2742F36E}.Release|Any CPU.Build.0 = Release|Any CPU
	EndGlobalSection
	GlobalSection(SolutionProperties) = preSolution
		HideSolutionNode = FALSE
	EndGlobalSection
	GlobalSection(ExtensibilityGlobals) = postSolution
		SolutionGuid = {6194EE67-9C87-46BF-A8BF-82332CC27C21}
	EndGlobalSection
EndGlobal
