
Microsoft Visual Studio Solution File, Format Version 12.00
# Visual Studio Version 16
VisualStudioVersion = 16.0.29920.165
MinimumVisualStudioVersion = 10.0.40219.1
Project("{FAE04EC0-301F-11D3-BF4B-00C04F79EFBC}") = "01. Basic Stack Operations", "01. Basic Stack Operations\01. Basic Stack Operations.csproj", "{F5C4E59D-6F1A-49C7-9175-AD70D2420659}"
EndProject
Project("{FAE04EC0-301F-11D3-BF4B-00C04F79EFBC}") = "02. Basic Queue Operations", "02. Basic Queue Operations\02. Basic Queue Operations.csproj", "{EDE69CFF-23D6-4EF8-86DE-913E6C192EBB}"
EndProject
Project("{FAE04EC0-301F-11D3-BF4B-00C04F79EFBC}") = "03. Maximum and Minimum Element", "03. Maximum and Minimum Element\03. Maximum and Minimum Element.csproj", "{955578EC-09D1-4634-825A-3D1695375CF6}"
EndProject
Project("{FAE04EC0-301F-11D3-BF4B-00C04F79EFBC}") = "04. Fast Food", "04. Fast Food\04. Fast Food.csproj", "{4EF122F7-BA8D-4B89-BE86-2ECBC4B4899A}"
EndProject
Project("{FAE04EC0-301F-11D3-BF4B-00C04F79EFBC}") = "05. Fashion Boutique", "05. Fashion Boutique\05. Fashion Boutique.csproj", "{75F34BD0-ACA1-427C-A261-0E56112BF9DB}"
EndProject
Project("{FAE04EC0-301F-11D3-BF4B-00C04F79EFBC}") = "06. Songs Queue", "06. Songs Queue\06. Songs Queue.csproj", "{995D02E1-396C-4F83-9C20-11DFD79CEFF9}"
EndProject
Project("{FAE04EC0-301F-11D3-BF4B-00C04F79EFBC}") = "07. Truck Tour", "07. Truck Tour\07. Truck Tour.csproj", "{0FE14EBC-0671-48BC-B97D-D93485E9EB3E}"
EndProject
Project("{FAE04EC0-301F-11D3-BF4B-00C04F79EFBC}") = "08. Balanced Parenthesis", "08. Balanced Parenthesis\08. Balanced Parenthesis.csproj", "{7A7B421D-C38A-4BDD-B788-EB6D073BCB32}"
EndProject
Project("{FAE04EC0-301F-11D3-BF4B-00C04F79EFBC}") = "09. Simple Text Editor", "09. Simple Text Editor\09. Simple Text Editor.csproj", "{87BCECB0-4A7E-427F-8517-B454B894D2EF}"
EndProject
Project("{FAE04EC0-301F-11D3-BF4B-00C04F79EFBC}") = "10. Crossroads", "10. Crossroads\10. Crossroads.csproj", "{A226691A-1E74-48E9-923D-93D053564549}"
EndProject
Project("{FAE04EC0-301F-11D3-BF4B-00C04F79EFBC}") = "11. Key Revolver", "11. Key Revolver\11. Key Revolver.csproj", "{B125C869-B511-4523-9F29-89B7DA04C9B1}"
EndProject
Project("{FAE04EC0-301F-11D3-BF4B-00C04F79EFBC}") = "12. Cups and Bottles", "12. Cups and Bottles\12. Cups and Bottles.csproj", "{F90F5EB4-4623-4532-9FBC-8A3B13223514}"
EndProject
Global
	GlobalSection(SolutionConfigurationPlatforms) = preSolution
		Debug|Any CPU = Debug|Any CPU
		Release|Any CPU = Release|Any CPU
	EndGlobalSection
	GlobalSection(ProjectConfigurationPlatforms) = postSolution
		{F5C4E59D-6F1A-49C7-9175-AD70D2420659}.Debug|Any CPU.ActiveCfg = Debug|Any CPU
		{F5C4E59D-6F1A-49C7-9175-AD70D2420659}.Debug|Any CPU.Build.0 = Debug|Any CPU
		{F5C4E59D-6F1A-49C7-9175-AD70D2420659}.Release|Any CPU.ActiveCfg = Release|Any CPU
		{F5C4E59D-6F1A-49C7-9175-AD70D2420659}.Release|Any CPU.Build.0 = Release|Any CPU
		{EDE69CFF-23D6-4EF8-86DE-913E6C192EBB}.Debug|Any CPU.ActiveCfg = Debug|Any CPU
		{EDE69CFF-23D6-4EF8-86DE-913E6C192EBB}.Debug|Any CPU.Build.0 = Debug|Any CPU
		{EDE69CFF-23D6-4EF8-86DE-913E6C192EBB}.Release|Any CPU.ActiveCfg = Release|Any CPU
		{EDE69CFF-23D6-4EF8-86DE-913E6C192EBB}.Release|Any CPU.Build.0 = Release|Any CPU
		{955578EC-09D1-4634-825A-3D1695375CF6}.Debug|Any CPU.ActiveCfg = Debug|Any CPU
		{955578EC-09D1-4634-825A-3D1695375CF6}.Debug|Any CPU.Build.0 = Debug|Any CPU
		{955578EC-09D1-4634-825A-3D1695375CF6}.Release|Any CPU.ActiveCfg = Release|Any CPU
		{955578EC-09D1-4634-825A-3D1695375CF6}.Release|Any CPU.Build.0 = Release|Any CPU
		{4EF122F7-BA8D-4B89-BE86-2ECBC4B4899A}.Debug|Any CPU.ActiveCfg = Debug|Any CPU
		{4EF122F7-BA8D-4B89-BE86-2ECBC4B4899A}.Debug|Any CPU.Build.0 = Debug|Any CPU
		{4EF122F7-BA8D-4B89-BE86-2ECBC4B4899A}.Release|Any CPU.ActiveCfg = Release|Any CPU
		{4EF122F7-BA8D-4B89-BE86-2ECBC4B4899A}.Release|Any CPU.Build.0 = Release|Any CPU
		{75F34BD0-ACA1-427C-A261-0E56112BF9DB}.Debug|Any CPU.ActiveCfg = Debug|Any CPU
		{75F34BD0-ACA1-427C-A261-0E56112BF9DB}.Debug|Any CPU.Build.0 = Debug|Any CPU
		{75F34BD0-ACA1-427C-A261-0E56112BF9DB}.Release|Any CPU.ActiveCfg = Release|Any CPU
		{75F34BD0-ACA1-427C-A261-0E56112BF9DB}.Release|Any CPU.Build.0 = Release|Any CPU
		{995D02E1-396C-4F83-9C20-11DFD79CEFF9}.Debug|Any CPU.ActiveCfg = Debug|Any CPU
		{995D02E1-396C-4F83-9C20-11DFD79CEFF9}.Debug|Any CPU.Build.0 = Debug|Any CPU
		{995D02E1-396C-4F83-9C20-11DFD79CEFF9}.Release|Any CPU.ActiveCfg = Release|Any CPU
		{995D02E1-396C-4F83-9C20-11DFD79CEFF9}.Release|Any CPU.Build.0 = Release|Any CPU
		{0FE14EBC-0671-48BC-B97D-D93485E9EB3E}.Debug|Any CPU.ActiveCfg = Debug|Any CPU
		{0FE14EBC-0671-48BC-B97D-D93485E9EB3E}.Debug|Any CPU.Build.0 = Debug|Any CPU
		{0FE14EBC-0671-48BC-B97D-D93485E9EB3E}.Release|Any CPU.ActiveCfg = Release|Any CPU
		{0FE14EBC-0671-48BC-B97D-D93485E9EB3E}.Release|Any CPU.Build.0 = Release|Any CPU
		{7A7B421D-C38A-4BDD-B788-EB6D073BCB32}.Debug|Any CPU.ActiveCfg = Debug|Any CPU
		{7A7B421D-C38A-4BDD-B788-EB6D073BCB32}.Debug|Any CPU.Build.0 = Debug|Any CPU
		{7A7B421D-C38A-4BDD-B788-EB6D073BCB32}.Release|Any CPU.ActiveCfg = Release|Any CPU
		{7A7B421D-C38A-4BDD-B788-EB6D073BCB32}.Release|Any CPU.Build.0 = Release|Any CPU
		{87BCECB0-4A7E-427F-8517-B454B894D2EF}.Debug|Any CPU.ActiveCfg = Debug|Any CPU
		{87BCECB0-4A7E-427F-8517-B454B894D2EF}.Debug|Any CPU.Build.0 = Debug|Any CPU
		{87BCECB0-4A7E-427F-8517-B454B894D2EF}.Release|Any CPU.ActiveCfg = Release|Any CPU
		{87BCECB0-4A7E-427F-8517-B454B894D2EF}.Release|Any CPU.Build.0 = Release|Any CPU
		{A226691A-1E74-48E9-923D-93D053564549}.Debug|Any CPU.ActiveCfg = Debug|Any CPU
		{A226691A-1E74-48E9-923D-93D053564549}.Debug|Any CPU.Build.0 = Debug|Any CPU
		{A226691A-1E74-48E9-923D-93D053564549}.Release|Any CPU.ActiveCfg = Release|Any CPU
		{A226691A-1E74-48E9-923D-93D053564549}.Release|Any CPU.Build.0 = Release|Any CPU
		{B125C869-B511-4523-9F29-89B7DA04C9B1}.Debug|Any CPU.ActiveCfg = Debug|Any CPU
		{B125C869-B511-4523-9F29-89B7DA04C9B1}.Debug|Any CPU.Build.0 = Debug|Any CPU
		{B125C869-B511-4523-9F29-89B7DA04C9B1}.Release|Any CPU.ActiveCfg = Release|Any CPU
		{B125C869-B511-4523-9F29-89B7DA04C9B1}.Release|Any CPU.Build.0 = Release|Any CPU
		{F90F5EB4-4623-4532-9FBC-8A3B13223514}.Debug|Any CPU.ActiveCfg = Debug|Any CPU
		{F90F5EB4-4623-4532-9FBC-8A3B13223514}.Debug|Any CPU.Build.0 = Debug|Any CPU
		{F90F5EB4-4623-4532-9FBC-8A3B13223514}.Release|Any CPU.ActiveCfg = Release|Any CPU
		{F90F5EB4-4623-4532-9FBC-8A3B13223514}.Release|Any CPU.Build.0 = Release|Any CPU
	EndGlobalSection
	GlobalSection(SolutionProperties) = preSolution
		HideSolutionNode = FALSE
	EndGlobalSection
	GlobalSection(ExtensibilityGlobals) = postSolution
		SolutionGuid = {62A140B5-3B49-4B20-ABE3-C891799DD11E}
	EndGlobalSection
EndGlobal
