
Microsoft Visual Studio Solution File, Format Version 12.00
# Visual Studio Version 16
VisualStudioVersion = 16.0.31005.135
MinimumVisualStudioVersion = 10.0.40219.1
Project("{FAE04EC0-301F-11D3-BF4B-00C04F79EFBC}") = "01. Scheduling", "01. Scheduling\01. Scheduling.csproj", "{8673DB8B-B39A-4DEF-B6B2-F6D4A3052AAF}"
EndProject
Project("{FAE04EC0-301F-11D3-BF4B-00C04F79EFBC}") = "02. Garden", "02. Garden\02. Garden.csproj", "{B9BFAB3B-200E-4BE1-BBE5-251A05380783}"
EndProject
Global
	GlobalSection(SolutionConfigurationPlatforms) = preSolution
		Debug|Any CPU = Debug|Any CPU
		Release|Any CPU = Release|Any CPU
	EndGlobalSection
	GlobalSection(ProjectConfigurationPlatforms) = postSolution
		{8673DB8B-B39A-4DEF-B6B2-F6D4A3052AAF}.Debug|Any CPU.ActiveCfg = Debug|Any CPU
		{8673DB8B-B39A-4DEF-B6B2-F6D4A3052AAF}.Debug|Any CPU.Build.0 = Debug|Any CPU
		{8673DB8B-B39A-4DEF-B6B2-F6D4A3052AAF}.Release|Any CPU.ActiveCfg = Release|Any CPU
		{8673DB8B-B39A-4DEF-B6B2-F6D4A3052AAF}.Release|Any CPU.Build.0 = Release|Any CPU
		{B9BFAB3B-200E-4BE1-BBE5-251A05380783}.Debug|Any CPU.ActiveCfg = Debug|Any CPU
		{B9BFAB3B-200E-4BE1-BBE5-251A05380783}.Debug|Any CPU.Build.0 = Debug|Any CPU
		{B9BFAB3B-200E-4BE1-BBE5-251A05380783}.Release|Any CPU.ActiveCfg = Release|Any CPU
		{B9BFAB3B-200E-4BE1-BBE5-251A05380783}.Release|Any CPU.Build.0 = Release|Any CPU
	EndGlobalSection
	GlobalSection(SolutionProperties) = preSolution
		HideSolutionNode = FALSE
	EndGlobalSection
	GlobalSection(ExtensibilityGlobals) = postSolution
		SolutionGuid = {02561505-FE4C-442F-A7AB-AFD313D6E55B}
	EndGlobalSection
EndGlobal
